{
    "name": "txadmin-shared",
    "version": "1.0.0",
    "lockfileVersion": 3,
    "requires": true,
    "packages": {
        "": {
            "name": "txadmin-shared",
            "version": "1.0.0",
            "license": "MIT",
            "dependencies": {
                "txadmin-shared": "file:"
            },
            "devDependencies": {}
        },
        "node_modules/txadmin-shared": {
            "resolved": "",
            "link": true
        }
    }
}
